{
  "version": 4,
  "terraform_version": "0.12.23",
  "serial": 3,
  "lineage": "c8659321-9354-723a-61e8-bcd0bb4aee4a",
  "outputs": {
    "SBucketid": {
      "value": "asgbucket-kk",
      "type": "string"
    }
  },
  "resources": [
    {
      "mode": "managed",
      "type": "aws_s3_bucket",
      "name": "asgkk01",
      "provider": "provider.aws",
      "instances": [
        {
          "schema_version": 0,
          "attributes": {
            "acceleration_status": "",
            "acl": "public-read",
            "arn": "arn:aws:s3:::asgbucket-kk",
            "bucket": "asgbucket-kk",
            "bucket_domain_name": "asgbucket-kk.s3.amazonaws.com",
            "bucket_prefix": null,
            "bucket_regional_domain_name": "asgbucket-kk.s3.us-east-2.amazonaws.com",
            "cors_rule": [],
            "force_destroy": false,
            "grant": [],
            "hosted_zone_id": "Z2O1EMRO9K5GLX",
            "id": "asgbucket-kk",
            "lifecycle_rule": [],
            "logging": [],
            "object_lock_configuration": [],
            "policy": null,
            "region": "us-east-2",
            "replication_configuration": [],
            "request_payer": "BucketOwner",
            "server_side_encryption_configuration": [],
            "tags": {
              "Environment": "Public Bucket for Test",
              "Name": "Test 01"
            },
            "versioning": [
              {
                "enabled": true,
                "mfa_delete": false
              }
            ],
            "website": [],
            "website_domain": null,
            "website_endpoint": null
          },
          "private": "bnVsbA=="
        }
      ]
    }
  ]
}
